
Microsoft Visual Studio Solution File, Format Version 12.00
# Visual Studio Version 17
VisualStudioVersion = 17.5.002.0
MinimumVisualStudioVersion = 10.0.40219.1
Project("{9A19103F-16F7-4668-BE54-9A1E7A4F7556}") = "technichalAPI", "technichalAPI.csproj", "{581182E5-35AA-4E55-B04F-F13A2173B9B9}"
EndProject
Global
	GlobalSection(SolutionConfigurationPlatforms) = preSolution
		Debug|Any CPU = Debug|Any CPU
		Release|Any CPU = Release|Any CPU
	EndGlobalSection
	GlobalSection(ProjectConfigurationPlatforms) = postSolution
		{581182E5-35AA-4E55-B04F-F13A2173B9B9}.Debug|Any CPU.ActiveCfg = Debug|Any CPU
		{581182E5-35AA-4E55-B04F-F13A2173B9B9}.Debug|Any CPU.Build.0 = Debug|Any CPU
		{581182E5-35AA-4E55-B04F-F13A2173B9B9}.Release|Any CPU.ActiveCfg = Release|Any CPU
		{581182E5-35AA-4E55-B04F-F13A2173B9B9}.Release|Any CPU.Build.0 = Release|Any CPU
	EndGlobalSection
	GlobalSection(SolutionProperties) = preSolution
		HideSolutionNode = FALSE
	EndGlobalSection
	GlobalSection(ExtensibilityGlobals) = postSolution
		SolutionGuid = {2F498FDC-0626-4B8C-8C12-7DDDD3218FD6}
	EndGlobalSection
EndGlobal
